
Microsoft Visual Studio Solution File, Format Version 12.00
# Visual Studio 15
VisualStudioVersion = 15.0.27428.2002
MinimumVisualStudioVersion = 10.0.40219.1
Project("{FAE04EC0-301F-11D3-BF4B-00C04F79EFBC}") = "SignalRTest", "SignalRTest\SignalRTest.csproj", "{24E21A58-E994-46F4-80DA-E7A747DE93E7}"
EndProject
Project("{FAE04EC0-301F-11D3-BF4B-00C04F79EFBC}") = "SignalRWinFormTest", "SignalRWinFormTest\SignalRWinFormTest.csproj", "{30E04914-0E8D-468A-BF99-22DD5F228ED0}"
EndProject
Project("{FAE04EC0-301F-11D3-BF4B-00C04F79EFBC}") = "SignalRService", "SignalRService\SignalRService.csproj", "{66E9E250-1952-41BC-B28A-FB5C62BA4500}"
EndProject
Global
	GlobalSection(SolutionConfigurationPlatforms) = preSolution
		Debug|Any CPU = Debug|Any CPU
		Release|Any CPU = Release|Any CPU
	EndGlobalSection
	GlobalSection(ProjectConfigurationPlatforms) = postSolution
		{24E21A58-E994-46F4-80DA-E7A747DE93E7}.Debug|Any CPU.ActiveCfg = Debug|Any CPU
		{24E21A58-E994-46F4-80DA-E7A747DE93E7}.Debug|Any CPU.Build.0 = Debug|Any CPU
		{24E21A58-E994-46F4-80DA-E7A747DE93E7}.Release|Any CPU.ActiveCfg = Release|Any CPU
		{24E21A58-E994-46F4-80DA-E7A747DE93E7}.Release|Any CPU.Build.0 = Release|Any CPU
		{30E04914-0E8D-468A-BF99-22DD5F228ED0}.Debug|Any CPU.ActiveCfg = Debug|Any CPU
		{30E04914-0E8D-468A-BF99-22DD5F228ED0}.Debug|Any CPU.Build.0 = Debug|Any CPU
		{30E04914-0E8D-468A-BF99-22DD5F228ED0}.Release|Any CPU.ActiveCfg = Release|Any CPU
		{30E04914-0E8D-468A-BF99-22DD5F228ED0}.Release|Any CPU.Build.0 = Release|Any CPU
		{66E9E250-1952-41BC-B28A-FB5C62BA4500}.Debug|Any CPU.ActiveCfg = Debug|Any CPU
		{66E9E250-1952-41BC-B28A-FB5C62BA4500}.Debug|Any CPU.Build.0 = Debug|Any CPU
		{66E9E250-1952-41BC-B28A-FB5C62BA4500}.Release|Any CPU.ActiveCfg = Release|Any CPU
		{66E9E250-1952-41BC-B28A-FB5C62BA4500}.Release|Any CPU.Build.0 = Release|Any CPU
	EndGlobalSection
	GlobalSection(SolutionProperties) = preSolution
		HideSolutionNode = FALSE
	EndGlobalSection
	GlobalSection(ExtensibilityGlobals) = postSolution
		SolutionGuid = {382D4500-103A-43FE-9F9D-EACD620FB9AC}
	EndGlobalSection
EndGlobal
